<Solution>
  <Project Path="Day01/Day01.csproj" />
  <Project Path="Day02/Day02.csproj" />
  <Project Path="Day03/Day03.csproj" Id="dfa55170-d959-447f-b1ee-38fa8395a0d0" />
  <Project Path="Day04/Day04.csproj" Id="f68f0a38-5859-493b-b3a0-cc9858dfe492" />
  <Project Path="Day05/Day05.csproj" Id="d8fe7b08-5a0a-4991-a1f4-c8c7b0f0a49e" />
  <Project Path="Day06/Day06.csproj" Id="67fdf87a-6f85-4bdb-a869-88b00bfc64fd" />
  <Project Path="Day07/Day07.csproj" Id="7e2e45ed-4d19-4322-b14a-9176ef74e26e" />
  <Project Path="Day08/Day08.csproj" Id="460aa027-f9db-4ba1-bb7d-58e020f2aad5" />
  <Project Path="Day09/Day09.csproj" Id="91c22c70-3fbb-4d46-8294-b4ac8cb9985b" />
  <Project Path="Utils/Utils.csproj" />
</Solution>
